# @generated by Move, please check-in and do not edit manually.

[move]
version = 2
manifest_digest = "E8325BB1AEA6F7B750E825332E8920193F48A5B41FF39BD25991C09CF553A02B"
deps_digest = "060AD7E57DFB13104F21BE5F5C3759D03F0553FC3229247D9A7A6B45F50D03A3"
dependencies = [
  { name = "Kiosk" },
  { name = "Sui" },
  { name = "suifrens" },
]

[[move.package]]
name = "Kiosk"
source = { git = "https://github.com/MystenLabs/apps.git", rev = "main", subdir = "kiosk" }

dependencies = [
  { name = "Sui" },
]

[[move.package]]
name = "MoveStdlib"
source = { git = "https://github.com/MystenLabs/sui.git", rev = "framework/mainnet", subdir = "crates/sui-framework/packages/move-stdlib" }

[[move.package]]
name = "Sui"
source = { git = "https://github.com/MystenLabs/sui.git", rev = "framework/mainnet", subdir = "crates/sui-framework/packages/sui-framework" }

dependencies = [
  { name = "MoveStdlib" },
]

[[move.package]]
name = "suifrens"
source = { git = "https://github.com/MystenLabs/apps.git", rev = "main", subdir = "suifrens/suifrens" }

dependencies = [
  { name = "Sui" },
]

[move.toolchain-version]
compiler-version = "1.26.1"
edition = "2024.beta"
flavor = "sui"
